// !$*UTF8*$!
{
	archiveVersion = 1;
	classes = {
	};
	objectVersion = 46;
	objects = {

/* Begin PBXBuildFile section */
		8378F8D83EF648F104FE905B /* Pods_Randomuser.framework in Frameworks */ = {isa = PBXBuildFile; fileRef = 66C58F16E1F6F91142DB16D5 /* Pods_Randomuser.framework */; };
		CE23427A1F0B97D2000B1176 /* AppDelegate.swift in Sources */ = {isa = PBXBuildFile; fileRef = CE2342791F0B97D2000B1176 /* AppDelegate.swift */; };
		CE23427F1F0B97D2000B1176 /* Main.storyboard in Resources */ = {isa = PBXBuildFile; fileRef = CE23427D1F0B97D2000B1176 /* Main.storyboard */; };
		CE2342811F0B97D2000B1176 /* Assets.xcassets in Resources */ = {isa = PBXBuildFile; fileRef = CE2342801F0B97D2000B1176 /* Assets.xcassets */; };
		CE2342841F0B97D2000B1176 /* LaunchScreen.storyboard in Resources */ = {isa = PBXBuildFile; fileRef = CE2342821F0B97D2000B1176 /* LaunchScreen.storyboard */; };
		CE23428C1F0B9A1B000B1176 /* FirstViewController.swift in Sources */ = {isa = PBXBuildFile; fileRef = CE23428B1F0B9A1B000B1176 /* FirstViewController.swift */; };
		CE23428E1F0B9A28000B1176 /* SecondViewController.swift in Sources */ = {isa = PBXBuildFile; fileRef = CE23428D1F0B9A28000B1176 /* SecondViewController.swift */; };
		CE2342901F0B9A37000B1176 /* ThirdViewController.swift in Sources */ = {isa = PBXBuildFile; fileRef = CE23428F1F0B9A37000B1176 /* ThirdViewController.swift */; };
		CE2342921F0B9A4B000B1176 /* NavigationViewController.swift in Sources */ = {isa = PBXBuildFile; fileRef = CE2342911F0B9A4B000B1176 /* NavigationViewController.swift */; };
		CE2342941F0BA789000B1176 /* TabViewController.swift in Sources */ = {isa = PBXBuildFile; fileRef = CE2342931F0BA789000B1176 /* TabViewController.swift */; };
		CE28E7B51F1370F8000E36CF /* GoogleService-Info.plist in Resources */ = {isa = PBXBuildFile; fileRef = CE28E7B41F1370F8000E36CF /* GoogleService-Info.plist */; };
		CE28E7B71F137345000E36CF /* AdSupport.framework in Frameworks */ = {isa = PBXBuildFile; fileRef = CE28E7B61F137345000E36CF /* AdSupport.framework */; };
/* End PBXBuildFile section */

/* Begin PBXFileReference section */
		0F68F7C8CEF175B025F6D8B7 /* Pods-Randomuser.debug.xcconfig */ = {isa = PBXFileReference; includeInIndex = 1; lastKnownFileType = text.xcconfig; name = "Pods-Randomuser.debug.xcconfig"; path = "Pods/Target Support Files/Pods-Randomuser/Pods-Randomuser.debug.xcconfig"; sourceTree = "<group>"; };
		66C58F16E1F6F91142DB16D5 /* Pods_Randomuser.framework */ = {isa = PBXFileReference; explicitFileType = wrapper.framework; includeInIndex = 0; path = Pods_Randomuser.framework; sourceTree = BUILT_PRODUCTS_DIR; };
		759764670741223BF0C49783 /* Pods-Randomuser.release.xcconfig */ = {isa = PBXFileReference; includeInIndex = 1; lastKnownFileType = text.xcconfig; name = "Pods-Randomuser.release.xcconfig"; path = "Pods/Target Support Files/Pods-Randomuser/Pods-Randomuser.release.xcconfig"; sourceTree = "<group>"; };
		CE2342761F0B97D1000B1176 /* Randomuser.app */ = {isa = PBXFileReference; explicitFileType = wrapper.application; includeInIndex = 0; path = Randomuser.app; sourceTree = BUILT_PRODUCTS_DIR; };
		CE2342791F0B97D2000B1176 /* AppDelegate.swift */ = {isa = PBXFileReference; lastKnownFileType = sourcecode.swift; path = AppDelegate.swift; sourceTree = "<group>"; };
		CE23427E1F0B97D2000B1176 /* Base */ = {isa = PBXFileReference; lastKnownFileType = file.storyboard; name = Base; path = Base.lproj/Main.storyboard; sourceTree = "<group>"; };
		CE2342801F0B97D2000B1176 /* Assets.xcassets */ = {isa = PBXFileReference; lastKnownFileType = folder.assetcatalog; path = Assets.xcassets; sourceTree = "<group>"; };
		CE2342831F0B97D2000B1176 /* Base */ = {isa = PBXFileReference; lastKnownFileType = file.storyboard; name = Base; path = Base.lproj/LaunchScreen.storyboard; sourceTree = "<group>"; };
		CE2342851F0B97D2000B1176 /* Info.plist */ = {isa = PBXFileReference; lastKnownFileType = text.plist.xml; path = Info.plist; sourceTree = "<group>"; };
		CE23428B1F0B9A1B000B1176 /* FirstViewController.swift */ = {isa = PBXFileReference; fileEncoding = 4; lastKnownFileType = sourcecode.swift; path = FirstViewController.swift; sourceTree = "<group>"; };
		CE23428D1F0B9A28000B1176 /* SecondViewController.swift */ = {isa = PBXFileReference; fileEncoding = 4; lastKnownFileType = sourcecode.swift; path = SecondViewController.swift; sourceTree = "<group>"; };
		CE23428F1F0B9A37000B1176 /* ThirdViewController.swift */ = {isa = PBXFileReference; fileEncoding = 4; lastKnownFileType = sourcecode.swift; path = ThirdViewController.swift; sourceTree = "<group>"; };
		CE2342911F0B9A4B000B1176 /* NavigationViewController.swift */ = {isa = PBXFileReference; fileEncoding = 4; lastKnownFileType = sourcecode.swift; path = NavigationViewController.swift; sourceTree = "<group>"; };
		CE2342931F0BA789000B1176 /* TabViewController.swift */ = {isa = PBXFileReference; fileEncoding = 4; lastKnownFileType = sourcecode.swift; path = TabViewController.swift; sourceTree = "<group>"; };
		CE28E7B41F1370F8000E36CF /* GoogleService-Info.plist */ = {isa = PBXFileReference; fileEncoding = 4; lastKnownFileType = text.plist.xml; path = "GoogleService-Info.plist"; sourceTree = "<group>"; };
		CE28E7B61F137345000E36CF /* AdSupport.framework */ = {isa = PBXFileReference; lastKnownFileType = wrapper.framework; name = AdSupport.framework; path = System/Library/Frameworks/AdSupport.framework; sourceTree = SDKROOT; };
/* End PBXFileReference section */

/* Begin PBXFrameworksBuildPhase section */
		CE2342731F0B97D1000B1176 /* Frameworks */ = {
			isa = PBXFrameworksBuildPhase;
			buildActionMask = 2147483647;
			files = (
				CE28E7B71F137345000E36CF /* AdSupport.framework in Frameworks */,
				8378F8D83EF648F104FE905B /* Pods_Randomuser.framework in Frameworks */,
			);
			runOnlyForDeploymentPostprocessing = 0;
		};
/* End PBXFrameworksBuildPhase section */

/* Begin PBXGroup section */
		5BC2A24947FDDFB342E5ABD5 /* Pods */ = {
			isa = PBXGroup;
			children = (
				0F68F7C8CEF175B025F6D8B7 /* Pods-Randomuser.debug.xcconfig */,
				759764670741223BF0C49783 /* Pods-Randomuser.release.xcconfig */,
			);
			name = Pods;
			sourceTree = "<group>";
		};
		CE23426D1F0B97D1000B1176 = {
			isa = PBXGroup;
			children = (
				CE2342781F0B97D1000B1176 /* Randomuser */,
				CE2342771F0B97D1000B1176 /* Products */,
				5BC2A24947FDDFB342E5ABD5 /* Pods */,
				F9ED17D90F90A5299537FF42 /* Frameworks */,
			);
			sourceTree = "<group>";
		};
		CE2342771F0B97D1000B1176 /* Products */ = {
			isa = PBXGroup;
			children = (
				CE2342761F0B97D1000B1176 /* Randomuser.app */,
			);
			name = Products;
			sourceTree = "<group>";
		};
		CE2342781F0B97D1000B1176 /* Randomuser */ = {
			isa = PBXGroup;
			children = (
				CE2342791F0B97D2000B1176 /* AppDelegate.swift */,
				CE28E7B41F1370F8000E36CF /* GoogleService-Info.plist */,
				CE23427D1F0B97D2000B1176 /* Main.storyboard */,
				CE2342931F0BA789000B1176 /* TabViewController.swift */,
				CE2342911F0B9A4B000B1176 /* NavigationViewController.swift */,
				CE23428F1F0B9A37000B1176 /* ThirdViewController.swift */,
				CE23428D1F0B9A28000B1176 /* SecondViewController.swift */,
				CE23428B1F0B9A1B000B1176 /* FirstViewController.swift */,
				CE2342801F0B97D2000B1176 /* Assets.xcassets */,
				CE2342821F0B97D2000B1176 /* LaunchScreen.storyboard */,
				CE2342851F0B97D2000B1176 /* Info.plist */,
			);
			path = Randomuser;
			sourceTree = "<group>";
		};
		F9ED17D90F90A5299537FF42 /* Frameworks */ = {
			isa = PBXGroup;
			children = (
				CE28E7B61F137345000E36CF /* AdSupport.framework */,
				66C58F16E1F6F91142DB16D5 /* Pods_Randomuser.framework */,
			);
			name = Frameworks;
			sourceTree = "<group>";
		};
/* End PBXGroup section */

/* Begin PBXNativeTarget section */
		CE2342751F0B97D1000B1176 /* Randomuser */ = {
			isa = PBXNativeTarget;
			buildConfigurationList = CE2342881F0B97D2000B1176 /* Build configuration list for PBXNativeTarget "Randomuser" */;
			buildPhases = (
				0F737615D52A7F245955B4FC /* [CP] Check Pods Manifest.lock */,
				CE2342721F0B97D1000B1176 /* Sources */,
				CE2342731F0B97D1000B1176 /* Frameworks */,
				CE2342741F0B97D1000B1176 /* Resources */,
				864E143E911A1CCDA2C11BC6 /* [CP] Embed Pods Frameworks */,
				B419C03A94FB0423E4890F12 /* [CP] Copy Pods Resources */,
			);
			buildRules = (
			);
			dependencies = (
			);
			name = Randomuser;
			productName = Randomuser;
			productReference = CE2342761F0B97D1000B1176 /* Randomuser.app */;
			productType = "com.apple.product-type.application";
		};
/* End PBXNativeTarget section */

/* Begin PBXProject section */
		CE23426E1F0B97D1000B1176 /* Project object */ = {
			isa = PBXProject;
			attributes = {
				LastSwiftUpdateCheck = 0830;
				LastUpgradeCheck = 0830;
				ORGANIZATIONNAME = user;
				TargetAttributes = {
					CE2342751F0B97D1000B1176 = {
						CreatedOnToolsVersion = 8.3.2;
						ProvisioningStyle = Automatic;
					};
				};
			};
			buildConfigurationList = CE2342711F0B97D1000B1176 /* Build configuration list for PBXProject "Randomuser" */;
			compatibilityVersion = "Xcode 3.2";
			developmentRegion = English;
			hasScannedForEncodings = 0;
			knownRegions = (
				en,
				Base,
			);
			mainGroup = CE23426D1F0B97D1000B1176;
			productRefGroup = CE2342771F0B97D1000B1176 /* Products */;
			projectDirPath = "";
			projectRoot = "";
			targets = (
				CE2342751F0B97D1000B1176 /* Randomuser */,
			);
		};
/* End PBXProject section */

/* Begin PBXResourcesBuildPhase section */
		CE2342741F0B97D1000B1176 /* Resources */ = {
			isa = PBXResourcesBuildPhase;
			buildActionMask = 2147483647;
			files = (
				CE2342841F0B97D2000B1176 /* LaunchScreen.storyboard in Resources */,
				CE2342811F0B97D2000B1176 /* Assets.xcassets in Resources */,
				CE28E7B51F1370F8000E36CF /* GoogleService-Info.plist in Resources */,
				CE23427F1F0B97D2000B1176 /* Main.storyboard in Resources */,
			);
			runOnlyForDeploymentPostprocessing = 0;
		};
/* End PBXResourcesBuildPhase section */

/* Begin PBXShellScriptBuildPhase section */
		0F737615D52A7F245955B4FC /* [CP] Check Pods Manifest.lock */ = {
			isa = PBXShellScriptBuildPhase;
			buildActionMask = 2147483647;
			files = (
			);
			inputPaths = (
			);
			name = "[CP] Check Pods Manifest.lock";
			outputPaths = (
			);
			runOnlyForDeploymentPostprocessing = 0;
			shellPath = /bin/sh;
			shellScript = "diff \"${PODS_PODFILE_DIR_PATH}/Podfile.lock\" \"${PODS_ROOT}/Manifest.lock\" > /dev/null\nif [ $? != 0 ] ; then\n    # print error to STDERR\n    echo \"error: The sandbox is not in sync with the Podfile.lock. Run 'pod install' or update your CocoaPods installation.\" >&2\n    exit 1\nfi\n";
			showEnvVarsInLog = 0;
		};
		864E143E911A1CCDA2C11BC6 /* [CP] Embed Pods Frameworks */ = {
			isa = PBXShellScriptBuildPhase;
			buildActionMask = 2147483647;
			files = (
			);
			inputPaths = (
			);
			name = "[CP] Embed Pods Frameworks";
			outputPaths = (
			);
			runOnlyForDeploymentPostprocessing = 0;
			shellPath = /bin/sh;
			shellScript = "\"${SRCROOT}/Pods/Target Support Files/Pods-Randomuser/Pods-Randomuser-frameworks.sh\"\n";
			showEnvVarsInLog = 0;
		};
		B419C03A94FB0423E4890F12 /* [CP] Copy Pods Resources */ = {
			isa = PBXShellScriptBuildPhase;
			buildActionMask = 2147483647;
			files = (
			);
			inputPaths = (
			);
			name = "[CP] Copy Pods Resources";
			outputPaths = (
			);
			runOnlyForDeploymentPostprocessing = 0;
			shellPath = /bin/sh;
			shellScript = "\"${SRCROOT}/Pods/Target Support Files/Pods-Randomuser/Pods-Randomuser-resources.sh\"\n";
			showEnvVarsInLog = 0;
		};
/* End PBXShellScriptBuildPhase section */

/* Begin PBXSourcesBuildPhase section */
		CE2342721F0B97D1000B1176 /* Sources */ = {
			isa = PBXSourcesBuildPhase;
			buildActionMask = 2147483647;
			files = (
				CE2342941F0BA789000B1176 /* TabViewController.swift in Sources */,
				CE23428E1F0B9A28000B1176 /* SecondViewController.swift in Sources */,
				CE23427A1F0B97D2000B1176 /* AppDelegate.swift in Sources */,
				CE2342901F0B9A37000B1176 /* ThirdViewController.swift in Sources */,
				CE2342921F0B9A4B000B1176 /* NavigationViewController.swift in Sources */,
				CE23428C1F0B9A1B000B1176 /* FirstViewController.swift in Sources */,
			);
			runOnlyForDeploymentPostprocessing = 0;
		};
/* End PBXSourcesBuildPhase section */

/* Begin PBXVariantGroup section */
		CE23427D1F0B97D2000B1176 /* Main.storyboard */ = {
			isa = PBXVariantGroup;
			children = (
				CE23427E1F0B97D2000B1176 /* Base */,
			);
			name = Main.storyboard;
			sourceTree = "<group>";
		};
		CE2342821F0B97D2000B1176 /* LaunchScreen.storyboard */ = {
			isa = PBXVariantGroup;
			children = (
				CE2342831F0B97D2000B1176 /* Base */,
			);
			name = LaunchScreen.storyboard;
			sourceTree = "<group>";
		};
/* End PBXVariantGroup section */

/* Begin XCBuildConfiguration section */
		CE2342861F0B97D2000B1176 /* Debug */ = {
			isa = XCBuildConfiguration;
			buildSettings = {
				ALWAYS_SEARCH_USER_PATHS = NO;
				CLANG_ANALYZER_NONNULL = YES;
				CLANG_ANALYZER_NUMBER_OBJECT_CONVERSION = YES_AGGRESSIVE;
				CLANG_CXX_LANGUAGE_STANDARD = "gnu++0x";
				CLANG_CXX_LIBRARY = "libc++";
				CLANG_ENABLE_MODULES = YES;
				CLANG_ENABLE_OBJC_ARC = YES;
				CLANG_WARN_BOOL_CONVERSION = YES;
				CLANG_WARN_CONSTANT_CONVERSION = YES;
				CLANG_WARN_DIRECT_OBJC_ISA_USAGE = YES_ERROR;
				CLANG_WARN_DOCUMENTATION_COMMENTS = YES;
				CLANG_WARN_EMPTY_BODY = YES;
				CLANG_WARN_ENUM_CONVERSION = YES;
				CLANG_WARN_INFINITE_RECURSION = YES;
				CLANG_WARN_INT_CONVERSION = YES;
				CLANG_WARN_OBJC_ROOT_CLASS = YES_ERROR;
				CLANG_WARN_SUSPICIOUS_MOVE = YES;
				CLANG_WARN_UNREACHABLE_CODE = YES;
				CLANG_WARN__DUPLICATE_METHOD_MATCH = YES;
				"CODE_SIGN_IDENTITY[sdk=iphoneos*]" = "iPhone Developer";
				COPY_PHASE_STRIP = NO;
				DEBUG_INFORMATION_FORMAT = dwarf;
				ENABLE_STRICT_OBJC_MSGSEND = YES;
				ENABLE_TESTABILITY = YES;
				GCC_C_LANGUAGE_STANDARD = gnu99;
				GCC_DYNAMIC_NO_PIC = NO;
				GCC_NO_COMMON_BLOCKS = YES;
				GCC_OPTIMIZATION_LEVEL = 0;
				GCC_PREPROCESSOR_DEFINITIONS = (
					"DEBUG=1",
					"$(inherited)",
				);
				GCC_WARN_64_TO_32_BIT_CONVERSION = YES;
				GCC_WARN_ABOUT_RETURN_TYPE = YES_ERROR;
				GCC_WARN_UNDECLARED_SELECTOR = YES;
				GCC_WARN_UNINITIALIZED_AUTOS = YES_AGGRESSIVE;
				GCC_WARN_UNUSED_FUNCTION = YES;
				GCC_WARN_UNUSED_VARIABLE = YES;
				IPHONEOS_DEPLOYMENT_TARGET = 10.3;
				MTL_ENABLE_DEBUG_INFO = YES;
				ONLY_ACTIVE_ARCH = YES;
				SDKROOT = iphoneos;
				SWIFT_ACTIVE_COMPILATION_CONDITIONS = DEBUG;
				SWIFT_OPTIMIZATION_LEVEL = "-Onone";
				TARGETED_DEVICE_FAMILY = "1,2";
			};
			name = Debug;
		};
		CE2342871F0B97D2000B1176 /* Release */ = {
			isa = XCBuildConfiguration;
			buildSettings = {
				ALWAYS_SEARCH_USER_PATHS = NO;
				CLANG_ANALYZER_NONNULL = YES;
				CLANG_ANALYZER_NUMBER_OBJECT_CONVERSION = YES_AGGRESSIVE;
				CLANG_CXX_LANGUAGE_STANDARD = "gnu++0x";
				CLANG_CXX_LIBRARY = "libc++";
				CLANG_ENABLE_MODULES = YES;
				CLANG_ENABLE_OBJC_ARC = YES;
				CLANG_WARN_BOOL_CONVERSION = YES;
				CLANG_WARN_CONSTANT_CONVERSION = YES;
				CLANG_WARN_DIRECT_OBJC_ISA_USAGE = YES_ERROR;
				CLANG_WARN_DOCUMENTATION_COMMENTS = YES;
				CLANG_WARN_EMPTY_BODY = YES;
				CLANG_WARN_ENUM_CONVERSION = YES;
				CLANG_WARN_INFINITE_RECURSION = YES;
				CLANG_WARN_INT_CONVERSION = YES;
				CLANG_WARN_OBJC_ROOT_CLASS = YES_ERROR;
				CLANG_WARN_SUSPICIOUS_MOVE = YES;
				CLANG_WARN_UNREACHABLE_CODE = YES;
				CLANG_WARN__DUPLICATE_METHOD_MATCH = YES;
				"CODE_SIGN_IDENTITY[sdk=iphoneos*]" = "iPhone Developer";
				COPY_PHASE_STRIP = NO;
				DEBUG_INFORMATION_FORMAT = "dwarf-with-dsym";
				ENABLE_NS_ASSERTIONS = NO;
				ENABLE_STRICT_OBJC_MSGSEND = YES;
				GCC_C_LANGUAGE_STANDARD = gnu99;
				GCC_NO_COMMON_BLOCKS = YES;
				GCC_WARN_64_TO_32_BIT_CONVERSION = YES;
				GCC_WARN_ABOUT_RETURN_TYPE = YES_ERROR;
				GCC_WARN_UNDECLARED_SELECTOR = YES;
				GCC_WARN_UNINITIALIZED_AUTOS = YES_AGGRESSIVE;
				GCC_WARN_UNUSED_FUNCTION = YES;
				GCC_WARN_UNUSED_VARIABLE = YES;
				IPHONEOS_DEPLOYMENT_TARGET = 10.3;
				MTL_ENABLE_DEBUG_INFO = NO;
				SDKROOT = iphoneos;
				SWIFT_OPTIMIZATION_LEVEL = "-Owholemodule";
				TARGETED_DEVICE_FAMILY = "1,2";
				VALIDATE_PRODUCT = YES;
			};
			name = Release;
		};
		CE2342891F0B97D2000B1176 /* Debug */ = {
			isa = XCBuildConfiguration;
			baseConfigurationReference = 0F68F7C8CEF175B025F6D8B7 /* Pods-Randomuser.debug.xcconfig */;
			buildSettings = {
				ASSETCATALOG_COMPILER_APPICON_NAME = AppIcon;
				INFOPLIST_FILE = Randomuser/Info.plist;
				LD_RUNPATH_SEARCH_PATHS = "$(inherited) @executable_path/Frameworks";
				PRODUCT_BUNDLE_IDENTIFIER = com.example.Randomuser;
				PRODUCT_NAME = "$(TARGET_NAME)";
				SWIFT_VERSION = 3.0;
			};
			name = Debug;
		};
		CE23428A1F0B97D2000B1176 /* Release */ = {
			isa = XCBuildConfiguration;
			baseConfigurationReference = 759764670741223BF0C49783 /* Pods-Randomuser.release.xcconfig */;
			buildSettings = {
				ASSETCATALOG_COMPILER_APPICON_NAME = AppIcon;
				INFOPLIST_FILE = Randomuser/Info.plist;
				LD_RUNPATH_SEARCH_PATHS = "$(inherited) @executable_path/Frameworks";
				PRODUCT_BUNDLE_IDENTIFIER = com.example.Randomuser;
				PRODUCT_NAME = "$(TARGET_NAME)";
				SWIFT_VERSION = 3.0;
			};
			name = Release;
		};
/* End XCBuildConfiguration section */

/* Begin XCConfigurationList section */
		CE2342711F0B97D1000B1176 /* Build configuration list for PBXProject "Randomuser" */ = {
			isa = XCConfigurationList;
			buildConfigurations = (
				CE2342861F0B97D2000B1176 /* Debug */,
				CE2342871F0B97D2000B1176 /* Release */,
			);
			defaultConfigurationIsVisible = 0;
			defaultConfigurationName = Release;
		};
		CE2342881F0B97D2000B1176 /* Build configuration list for PBXNativeTarget "Randomuser" */ = {
			isa = XCConfigurationList;
			buildConfigurations = (
				CE2342891F0B97D2000B1176 /* Debug */,
				CE23428A1F0B97D2000B1176 /* Release */,
			);
			defaultConfigurationIsVisible = 0;
			defaultConfigurationName = Release;
		};
/* End XCConfigurationList section */
	};
	rootObject = CE23426E1F0B97D1000B1176 /* Project object */;
}
